
Microsoft Visual Studio Solution File, Format Version 12.00
# Visual Studio Version 17
VisualStudioVersion = 17.3.32819.101
MinimumVisualStudioVersion = 10.0.40219.1
Project("{FAE04EC0-301F-11D3-BF4B-00C04F79EFBC}") = "storiessapi", "storiessapi\storiessapi.csproj", "{98EB1AFC-DD17-4B44-8F8F-19382F16FFBA}"
EndProject
Global
	GlobalSection(SolutionConfigurationPlatforms) = preSolution
		Debug|Any CPU = Debug|Any CPU
		Release|Any CPU = Release|Any CPU
	EndGlobalSection
	GlobalSection(ProjectConfigurationPlatforms) = postSolution
		{98EB1AFC-DD17-4B44-8F8F-19382F16FFBA}.Debug|Any CPU.ActiveCfg = Debug|Any CPU
		{98EB1AFC-DD17-4B44-8F8F-19382F16FFBA}.Debug|Any CPU.Build.0 = Debug|Any CPU
		{98EB1AFC-DD17-4B44-8F8F-19382F16FFBA}.Release|Any CPU.ActiveCfg = Release|Any CPU
		{98EB1AFC-DD17-4B44-8F8F-19382F16FFBA}.Release|Any CPU.Build.0 = Release|Any CPU
	EndGlobalSection
	GlobalSection(SolutionProperties) = preSolution
		HideSolutionNode = FALSE
	EndGlobalSection
	GlobalSection(ExtensibilityGlobals) = postSolution
		SolutionGuid = {8A318ABD-FC99-4E92-A6F7-EF3AF0BD97D4}
	EndGlobalSection
EndGlobal
